
Microsoft Visual Studio Solution File, Format Version 12.00
# Visual Studio Version 17
VisualStudioVersion = 17.9.34622.214
MinimumVisualStudioVersion = 10.0.40219.1
Project("{FAE04EC0-301F-11D3-BF4B-00C04F79EFBC}") = "HabboHotel", "HabboHotel\HabboHotel.csproj", "{19655FBE-72E5-48F5-B22E-C96588307B56}"
EndProject
Global
	GlobalSection(SolutionConfigurationPlatforms) = preSolution
		Debug|Any CPU = Debug|Any CPU
		Release|Any CPU = Release|Any CPU
	EndGlobalSection
	GlobalSection(ProjectConfigurationPlatforms) = postSolution
		{19655FBE-72E5-48F5-B22E-C96588307B56}.Debug|Any CPU.ActiveCfg = Debug|Any CPU
		{19655FBE-72E5-48F5-B22E-C96588307B56}.Debug|Any CPU.Build.0 = Debug|Any CPU
		{19655FBE-72E5-48F5-B22E-C96588307B56}.Release|Any CPU.ActiveCfg = Release|Any CPU
		{19655FBE-72E5-48F5-B22E-C96588307B56}.Release|Any CPU.Build.0 = Release|Any CPU
	EndGlobalSection
	GlobalSection(SolutionProperties) = preSolution
		HideSolutionNode = FALSE
	EndGlobalSection
	GlobalSection(ExtensibilityGlobals) = postSolution
		SolutionGuid = {57BF3FFD-4686-42D4-A789-B7115E4021BE}
	EndGlobalSection
EndGlobal
